
Microsoft Visual Studio Solution File, Format Version 12.00
# Visual Studio Version 17
VisualStudioVersion = 17.4.33213.308
MinimumVisualStudioVersion = 10.0.40219.1
Project("{FAE04EC0-301F-11D3-BF4B-00C04F79EFBC}") = "FrontTC", "FrontTC\FrontTC.csproj", "{79F5E383-CD6A-4BE6-AF69-1F42BFD02AA2}"
EndProject
Global
	GlobalSection(SolutionConfigurationPlatforms) = preSolution
		Debug|Any CPU = Debug|Any CPU
		Release|Any CPU = Release|Any CPU
	EndGlobalSection
	GlobalSection(ProjectConfigurationPlatforms) = postSolution
		{79F5E383-CD6A-4BE6-AF69-1F42BFD02AA2}.Debug|Any CPU.ActiveCfg = Debug|Any CPU
		{79F5E383-CD6A-4BE6-AF69-1F42BFD02AA2}.Debug|Any CPU.Build.0 = Debug|Any CPU
		{79F5E383-CD6A-4BE6-AF69-1F42BFD02AA2}.Release|Any CPU.ActiveCfg = Release|Any CPU
		{79F5E383-CD6A-4BE6-AF69-1F42BFD02AA2}.Release|Any CPU.Build.0 = Release|Any CPU
	EndGlobalSection
	GlobalSection(SolutionProperties) = preSolution
		HideSolutionNode = FALSE
	EndGlobalSection
	GlobalSection(ExtensibilityGlobals) = postSolution
		SolutionGuid = {2AB41916-4194-44B5-A79C-C7D02CF4E9BD}
	EndGlobalSection
EndGlobal
